
Microsoft Visual Studio Solution File, Format Version 12.00
# Visual Studio Version 16
VisualStudioVersion = 16.0.31005.135
MinimumVisualStudioVersion = 10.0.40219.1
Project("{FAE04EC0-301F-11D3-BF4B-00C04F79EFBC}") = "FitnessCustomerAccountingApp", "FitnessCustomerAccountingApp\FitnessCustomerAccountingApp.csproj", "{4ED19C2B-5C2E-428D-A1E8-FE703C0B636D}"
EndProject
Project("{FAE04EC0-301F-11D3-BF4B-00C04F79EFBC}") = "FitnessCustomerAccountingApp.Core", "FitnessCustomerAccountingApp.Core\FitnessCustomerAccountingApp.Core.csproj", "{F6134282-93FD-4444-AC47-7FA07837944C}"
EndProject
Global
	GlobalSection(SolutionConfigurationPlatforms) = preSolution
		Debug|Any CPU = Debug|Any CPU
		Release|Any CPU = Release|Any CPU
	EndGlobalSection
	GlobalSection(ProjectConfigurationPlatforms) = postSolution
		{4ED19C2B-5C2E-428D-A1E8-FE703C0B636D}.Debug|Any CPU.ActiveCfg = Debug|Any CPU
		{4ED19C2B-5C2E-428D-A1E8-FE703C0B636D}.Debug|Any CPU.Build.0 = Debug|Any CPU
		{4ED19C2B-5C2E-428D-A1E8-FE703C0B636D}.Release|Any CPU.ActiveCfg = Release|Any CPU
		{4ED19C2B-5C2E-428D-A1E8-FE703C0B636D}.Release|Any CPU.Build.0 = Release|Any CPU
		{F6134282-93FD-4444-AC47-7FA07837944C}.Debug|Any CPU.ActiveCfg = Debug|Any CPU
		{F6134282-93FD-4444-AC47-7FA07837944C}.Debug|Any CPU.Build.0 = Debug|Any CPU
		{F6134282-93FD-4444-AC47-7FA07837944C}.Release|Any CPU.ActiveCfg = Release|Any CPU
		{F6134282-93FD-4444-AC47-7FA07837944C}.Release|Any CPU.Build.0 = Release|Any CPU
	EndGlobalSection
	GlobalSection(SolutionProperties) = preSolution
		HideSolutionNode = FALSE
	EndGlobalSection
	GlobalSection(ExtensibilityGlobals) = postSolution
		SolutionGuid = {64A7B998-0AB4-48E7-B2EA-E910A4620D11}
	EndGlobalSection
EndGlobal
